
Microsoft Visual Studio Solution File, Format Version 12.00
# Visual Studio Version 16
VisualStudioVersion = 16.0.29324.140
MinimumVisualStudioVersion = 10.0.40219.1
Project("{8BC9CEB8-8B4A-11D0-8D11-00A0C91BC942}") = "LabQuest2Photogates", "LabQuest2Software\LabQuest2Software.vcxproj", "{189BCA1A-5C8B-495D-B616-50D3CC512060}"
EndProject
Global
	GlobalSection(SolutionConfigurationPlatforms) = preSolution
		Debug|x64 = Debug|x64
		Debug|x86 = Debug|x86
		Release|x64 = Release|x64
		Release|x86 = Release|x86
	EndGlobalSection
	GlobalSection(ProjectConfigurationPlatforms) = postSolution
		{189BCA1A-5C8B-495D-B616-50D3CC512060}.Debug|x64.ActiveCfg = Debug|x64
		{189BCA1A-5C8B-495D-B616-50D3CC512060}.Debug|x64.Build.0 = Debug|x64
		{189BCA1A-5C8B-495D-B616-50D3CC512060}.Debug|x86.ActiveCfg = Debug|x64
		{189BCA1A-5C8B-495D-B616-50D3CC512060}.Debug|x86.Build.0 = Debug|x64
		{189BCA1A-5C8B-495D-B616-50D3CC512060}.Release|x64.ActiveCfg = Release|x64
		{189BCA1A-5C8B-495D-B616-50D3CC512060}.Release|x64.Build.0 = Release|x64
		{189BCA1A-5C8B-495D-B616-50D3CC512060}.Release|x86.ActiveCfg = Release|Win32
		{189BCA1A-5C8B-495D-B616-50D3CC512060}.Release|x86.Build.0 = Release|Win32
	EndGlobalSection
	GlobalSection(SolutionProperties) = preSolution
		HideSolutionNode = FALSE
	EndGlobalSection
	GlobalSection(ExtensibilityGlobals) = postSolution
		SolutionGuid = {81A21E6A-6643-44BA-BBCF-2535055E91AB}
	EndGlobalSection
EndGlobal
